
Microsoft Visual Studio Solution File, Format Version 12.00
Project("{FAE04EC0-301F-11D3-BF4B-00C04F79EFBC}") = "BaseballTournyScheduler", "BaseballTournyScheduler.csproj", "{B6D2F0A5-D414-4F13-9983-EA2534385398}"
EndProject
Global
	GlobalSection(SolutionConfigurationPlatforms) = preSolution
		Debug|Any CPU = Debug|Any CPU
		Release|Any CPU = Release|Any CPU
	EndGlobalSection
	GlobalSection(ProjectConfigurationPlatforms) = postSolution
		{B6D2F0A5-D414-4F13-9983-EA2534385398}.Debug|Any CPU.ActiveCfg = Debug|Any CPU
		{B6D2F0A5-D414-4F13-9983-EA2534385398}.Debug|Any CPU.Build.0 = Debug|Any CPU
		{B6D2F0A5-D414-4F13-9983-EA2534385398}.Release|Any CPU.ActiveCfg = Release|Any CPU
		{B6D2F0A5-D414-4F13-9983-EA2534385398}.Release|Any CPU.Build.0 = Release|Any CPU
	EndGlobalSection
EndGlobal
